
Microsoft Visual Studio Solution File, Format Version 12.00
# Visual Studio 14
VisualStudioVersion = 14.0.23107.0
MinimumVisualStudioVersion = 10.0.40219.1
Project("{2150E333-8FDC-42A3-9474-1A3956D46DE8}") = "单元测试", "单元测试", "{F11760A1-555F-4738-AAF4-99150B47E716}"
EndProject
Project("{FAE04EC0-301F-11D3-BF4B-00C04F79EFBC}") = "Yx.LiCai", "Yx.LiCai\Yx.LiCai.csproj", "{062D9460-72CA-4C0F-A246-00BB8B437EA2}"
EndProject
Project("{FAE04EC0-301F-11D3-BF4B-00C04F79EFBC}") = "YxLiCai.Model", "Model\YxLiCai.Model\YxLiCai.Model.csproj", "{BFA05150-7A3B-45A3-A480-DE606B0E6FDA}"
EndProject
Project("{FAE04EC0-301F-11D3-BF4B-00C04F79EFBC}") = "YxLica.Tools", "YxLica.Tools\YxLica.Tools.csproj", "{4CF85277-C84A-4B9A-ABF6-1D5AF4969FF1}"
EndProject
Project("{FAE04EC0-301F-11D3-BF4B-00C04F79EFBC}") = "YxLiCai.Dao", "YxLiCai.Dao\YxLiCai.Dao.csproj", "{8F1A98C0-D155-4153-83EB-CBFDF2EE2BCD}"
EndProject
Project("{FAE04EC0-301F-11D3-BF4B-00C04F79EFBC}") = "YxLiCai.Server", "YxLiCai.Server\YxLiCai.Server.csproj", "{89B7F8C1-2876-4AC7-84C5-C321A80B7469}"
EndProject
Project("{FAE04EC0-301F-11D3-BF4B-00C04F79EFBC}") = "YxLiCai.DataHelper", "YxLiCai.DataHelper\YxLiCai.DataHelper.csproj", "{A217BC37-532C-4165-8EA3-970A68209740}"
EndProject
Project("{FAE04EC0-301F-11D3-BF4B-00C04F79EFBC}") = "YxLiCai.Admin", "YxLiCai.Admin\YxLiCai.Admin.csproj", "{F5421059-4129-4A74-97F7-95ACB9E4A50E}"
EndProject
Project("{FAE04EC0-301F-11D3-BF4B-00C04F79EFBC}") = "YxLiCai.Static", "YxLiCai.Static\YxLiCai.Static.csproj", "{63D4A473-504D-468B-B8CB-9A2CCFA7EF0C}"
EndProject
Project("{FAE04EC0-301F-11D3-BF4B-00C04F79EFBC}") = "AdminTest", "Test\AdminTest\AdminTest.csproj", "{541F82ED-D1F8-4100-B5ED-021A3AEBA484}"
EndProject
Project("{FAE04EC0-301F-11D3-BF4B-00C04F79EFBC}") = "YxLiCai.FinaAdmin", "YxLiCai.FinaAdmin\YxLiCai.FinaAdmin.csproj", "{84922A99-7967-4367-9CE3-438C113D648C}"
EndProject
Global
	GlobalSection(SolutionConfigurationPlatforms) = preSolution
		Debug|Any CPU = Debug|Any CPU
		Release|Any CPU = Release|Any CPU
	EndGlobalSection
	GlobalSection(ProjectConfigurationPlatforms) = postSolution
		{062D9460-72CA-4C0F-A246-00BB8B437EA2}.Debug|Any CPU.ActiveCfg = Debug|Any CPU
		{062D9460-72CA-4C0F-A246-00BB8B437EA2}.Debug|Any CPU.Build.0 = Debug|Any CPU
		{062D9460-72CA-4C0F-A246-00BB8B437EA2}.Release|Any CPU.ActiveCfg = Release|Any CPU
		{062D9460-72CA-4C0F-A246-00BB8B437EA2}.Release|Any CPU.Build.0 = Release|Any CPU
		{BFA05150-7A3B-45A3-A480-DE606B0E6FDA}.Debug|Any CPU.ActiveCfg = Debug|Any CPU
		{BFA05150-7A3B-45A3-A480-DE606B0E6FDA}.Debug|Any CPU.Build.0 = Debug|Any CPU
		{BFA05150-7A3B-45A3-A480-DE606B0E6FDA}.Release|Any CPU.ActiveCfg = Release|Any CPU
		{BFA05150-7A3B-45A3-A480-DE606B0E6FDA}.Release|Any CPU.Build.0 = Release|Any CPU
		{4CF85277-C84A-4B9A-ABF6-1D5AF4969FF1}.Debug|Any CPU.ActiveCfg = Debug|Any CPU
		{4CF85277-C84A-4B9A-ABF6-1D5AF4969FF1}.Debug|Any CPU.Build.0 = Debug|Any CPU
		{4CF85277-C84A-4B9A-ABF6-1D5AF4969FF1}.Release|Any CPU.ActiveCfg = Release|Any CPU
		{4CF85277-C84A-4B9A-ABF6-1D5AF4969FF1}.Release|Any CPU.Build.0 = Release|Any CPU
		{8F1A98C0-D155-4153-83EB-CBFDF2EE2BCD}.Debug|Any CPU.ActiveCfg = Debug|Any CPU
		{8F1A98C0-D155-4153-83EB-CBFDF2EE2BCD}.Debug|Any CPU.Build.0 = Debug|Any CPU
		{8F1A98C0-D155-4153-83EB-CBFDF2EE2BCD}.Release|Any CPU.ActiveCfg = Release|Any CPU
		{8F1A98C0-D155-4153-83EB-CBFDF2EE2BCD}.Release|Any CPU.Build.0 = Release|Any CPU
		{89B7F8C1-2876-4AC7-84C5-C321A80B7469}.Debug|Any CPU.ActiveCfg = Debug|Any CPU
		{89B7F8C1-2876-4AC7-84C5-C321A80B7469}.Debug|Any CPU.Build.0 = Debug|Any CPU
		{89B7F8C1-2876-4AC7-84C5-C321A80B7469}.Release|Any CPU.ActiveCfg = Release|Any CPU
		{89B7F8C1-2876-4AC7-84C5-C321A80B7469}.Release|Any CPU.Build.0 = Release|Any CPU
		{A217BC37-532C-4165-8EA3-970A68209740}.Debug|Any CPU.ActiveCfg = Debug|Any CPU
		{A217BC37-532C-4165-8EA3-970A68209740}.Debug|Any CPU.Build.0 = Debug|Any CPU
		{A217BC37-532C-4165-8EA3-970A68209740}.Release|Any CPU.ActiveCfg = Release|Any CPU
		{A217BC37-532C-4165-8EA3-970A68209740}.Release|Any CPU.Build.0 = Release|Any CPU
		{F5421059-4129-4A74-97F7-95ACB9E4A50E}.Debug|Any CPU.ActiveCfg = Debug|Any CPU
		{F5421059-4129-4A74-97F7-95ACB9E4A50E}.Debug|Any CPU.Build.0 = Debug|Any CPU
		{F5421059-4129-4A74-97F7-95ACB9E4A50E}.Release|Any CPU.ActiveCfg = Release|Any CPU
		{F5421059-4129-4A74-97F7-95ACB9E4A50E}.Release|Any CPU.Build.0 = Release|Any CPU
		{63D4A473-504D-468B-B8CB-9A2CCFA7EF0C}.Debug|Any CPU.ActiveCfg = Debug|Any CPU
		{63D4A473-504D-468B-B8CB-9A2CCFA7EF0C}.Debug|Any CPU.Build.0 = Debug|Any CPU
		{63D4A473-504D-468B-B8CB-9A2CCFA7EF0C}.Release|Any CPU.ActiveCfg = Release|Any CPU
		{63D4A473-504D-468B-B8CB-9A2CCFA7EF0C}.Release|Any CPU.Build.0 = Release|Any CPU
		{541F82ED-D1F8-4100-B5ED-021A3AEBA484}.Debug|Any CPU.ActiveCfg = Debug|Any CPU
		{541F82ED-D1F8-4100-B5ED-021A3AEBA484}.Debug|Any CPU.Build.0 = Debug|Any CPU
		{541F82ED-D1F8-4100-B5ED-021A3AEBA484}.Release|Any CPU.ActiveCfg = Release|Any CPU
		{541F82ED-D1F8-4100-B5ED-021A3AEBA484}.Release|Any CPU.Build.0 = Release|Any CPU
		{84922A99-7967-4367-9CE3-438C113D648C}.Debug|Any CPU.ActiveCfg = Debug|Any CPU
		{84922A99-7967-4367-9CE3-438C113D648C}.Debug|Any CPU.Build.0 = Debug|Any CPU
		{84922A99-7967-4367-9CE3-438C113D648C}.Release|Any CPU.ActiveCfg = Release|Any CPU
		{84922A99-7967-4367-9CE3-438C113D648C}.Release|Any CPU.Build.0 = Release|Any CPU
	EndGlobalSection
	GlobalSection(SolutionProperties) = preSolution
		HideSolutionNode = FALSE
	EndGlobalSection
	GlobalSection(NestedProjects) = preSolution
		{541F82ED-D1F8-4100-B5ED-021A3AEBA484} = {F11760A1-555F-4738-AAF4-99150B47E716}
	EndGlobalSection
EndGlobal
